// !$*UTF8*$!
{
	archiveVersion = 1;
	classes = {
	};
	objectVersion = 50;
	objects = {

/* Begin PBXBuildFile section */
		3F0EC028E3875F4A0BF7A861 /* Pods_CurrencyConverter.framework in Frameworks */ = {isa = PBXBuildFile; fileRef = 1581AE7CA8ECEEA9CEBBEB22 /* Pods_CurrencyConverter.framework */; };
		B914E5312143AEA4007845AB /* AppDelegate.swift in Sources */ = {isa = PBXBuildFile; fileRef = B914E5302143AEA4007845AB /* AppDelegate.swift */; };
		B914E5332143AEA4007845AB /* ViewController.swift in Sources */ = {isa = PBXBuildFile; fileRef = B914E5322143AEA4007845AB /* ViewController.swift */; };
		B914E5362143AEA4007845AB /* Main.storyboard in Resources */ = {isa = PBXBuildFile; fileRef = B914E5342143AEA4007845AB /* Main.storyboard */; };
		B914E5382143AEA5007845AB /* Assets.xcassets in Resources */ = {isa = PBXBuildFile; fileRef = B914E5372143AEA5007845AB /* Assets.xcassets */; };
		B914E53B2143AEA5007845AB /* LaunchScreen.storyboard in Resources */ = {isa = PBXBuildFile; fileRef = B914E5392143AEA5007845AB /* LaunchScreen.storyboard */; };
		B914E5462143AEA5007845AB /* CurrencyConverterTests.swift in Sources */ = {isa = PBXBuildFile; fileRef = B914E5452143AEA5007845AB /* CurrencyConverterTests.swift */; };
		B914E5512143AEA5007845AB /* CurrencyConverterUITests.swift in Sources */ = {isa = PBXBuildFile; fileRef = B914E5502143AEA5007845AB /* CurrencyConverterUITests.swift */; };
		B965155521451293003B5CDA /* Rates.swift in Sources */ = {isa = PBXBuildFile; fileRef = B965155421451293003B5CDA /* Rates.swift */; };
		B96515572145129C003B5CDA /* Rate.swift in Sources */ = {isa = PBXBuildFile; fileRef = B96515562145129C003B5CDA /* Rate.swift */; };
		B965155F21451D70003B5CDA /* ApiDataManager.swift in Sources */ = {isa = PBXBuildFile; fileRef = B965155E21451D70003B5CDA /* ApiDataManager.swift */; };
		B96515642145206A003B5CDA /* CurrencyRatesApiService.swift in Sources */ = {isa = PBXBuildFile; fileRef = B96515632145206A003B5CDA /* CurrencyRatesApiService.swift */; };
		B96515662145286C003B5CDA /* ListRateTransform.swift in Sources */ = {isa = PBXBuildFile; fileRef = B96515652145286C003B5CDA /* ListRateTransform.swift */; };
		B9651568214543DD003B5CDA /* ConverterPresenterTests.swift in Sources */ = {isa = PBXBuildFile; fileRef = B9651567214543DD003B5CDA /* ConverterPresenterTests.swift */; };
		B965156A21454402003B5CDA /* ListRateTransformTests.swift in Sources */ = {isa = PBXBuildFile; fileRef = B965156921454402003B5CDA /* ListRateTransformTests.swift */; };
		B965156C21454AC7003B5CDA /* ConverterViewModel.swift in Sources */ = {isa = PBXBuildFile; fileRef = B965156B21454AC7003B5CDA /* ConverterViewModel.swift */; };
		B965156E21454C16003B5CDA /* ConverterRateViewModel.swift in Sources */ = {isa = PBXBuildFile; fileRef = B965156D21454C16003B5CDA /* ConverterRateViewModel.swift */; };
		B98020A12143AFDA00F5C5A3 /* ConverterContract.swift in Sources */ = {isa = PBXBuildFile; fileRef = B98020982143AFD900F5C5A3 /* ConverterContract.swift */; };
		B98020A22143AFDA00F5C5A3 /* ConverterPresenter.swift in Sources */ = {isa = PBXBuildFile; fileRef = B980209A2143AFD900F5C5A3 /* ConverterPresenter.swift */; };
		B98020A32143AFDA00F5C5A3 /* ConverterViewController.swift in Sources */ = {isa = PBXBuildFile; fileRef = B980209C2143AFD900F5C5A3 /* ConverterViewController.swift */; };
		B98020A42143AFDA00F5C5A3 /* ConverterInteractor.swift in Sources */ = {isa = PBXBuildFile; fileRef = B980209E2143AFD900F5C5A3 /* ConverterInteractor.swift */; };
		B98020A52143AFDA00F5C5A3 /* ConverterRouter.swift in Sources */ = {isa = PBXBuildFile; fileRef = B98020A02143AFD900F5C5A3 /* ConverterRouter.swift */; };
		B98020A82143B0E600F5C5A3 /* BaseViewProtocol.swift in Sources */ = {isa = PBXBuildFile; fileRef = B98020A72143B0E600F5C5A3 /* BaseViewProtocol.swift */; };
		B98020AB2143B1B300F5C5A3 /* BaseViewController.swift in Sources */ = {isa = PBXBuildFile; fileRef = B98020AA2143B1B300F5C5A3 /* BaseViewController.swift */; };
		B98020AD2143B28300F5C5A3 /* StoryboardLoadable.swift in Sources */ = {isa = PBXBuildFile; fileRef = B98020AC2143B28300F5C5A3 /* StoryboardLoadable.swift */; };
		B98020AF2143B2F400F5C5A3 /* Podfile in Resources */ = {isa = PBXBuildFile; fileRef = B98020AE2143B2F300F5C5A3 /* Podfile */; };
		B98020B12143B6C800F5C5A3 /* Converter.storyboard in Resources */ = {isa = PBXBuildFile; fileRef = B98020B02143B6C800F5C5A3 /* Converter.storyboard */; };
/* End PBXBuildFile section */

/* Begin PBXContainerItemProxy section */
		B914E5422143AEA5007845AB /* PBXContainerItemProxy */ = {
			isa = PBXContainerItemProxy;
			containerPortal = B914E5252143AEA4007845AB /* Project object */;
			proxyType = 1;
			remoteGlobalIDString = B914E52C2143AEA4007845AB;
			remoteInfo = CurrencyConverter;
		};
		B914E54D2143AEA5007845AB /* PBXContainerItemProxy */ = {
			isa = PBXContainerItemProxy;
			containerPortal = B914E5252143AEA4007845AB /* Project object */;
			proxyType = 1;
			remoteGlobalIDString = B914E52C2143AEA4007845AB;
			remoteInfo = CurrencyConverter;
		};
/* End PBXContainerItemProxy section */

/* Begin PBXFileReference section */
		1581AE7CA8ECEEA9CEBBEB22 /* Pods_CurrencyConverter.framework */ = {isa = PBXFileReference; explicitFileType = wrapper.framework; includeInIndex = 0; path = Pods_CurrencyConverter.framework; sourceTree = BUILT_PRODUCTS_DIR; };
		42D051DB464AA8348FAB991E /* Pods-CurrencyConverter.debug.xcconfig */ = {isa = PBXFileReference; includeInIndex = 1; lastKnownFileType = text.xcconfig; name = "Pods-CurrencyConverter.debug.xcconfig"; path = "Pods/Target Support Files/Pods-CurrencyConverter/Pods-CurrencyConverter.debug.xcconfig"; sourceTree = "<group>"; };
		4D0F85DAF718BE540A1581A0 /* Pods-CurrencyConverter.release.xcconfig */ = {isa = PBXFileReference; includeInIndex = 1; lastKnownFileType = text.xcconfig; name = "Pods-CurrencyConverter.release.xcconfig"; path = "Pods/Target Support Files/Pods-CurrencyConverter/Pods-CurrencyConverter.release.xcconfig"; sourceTree = "<group>"; };
		B914E52D2143AEA4007845AB /* CurrencyConverter.app */ = {isa = PBXFileReference; explicitFileType = wrapper.application; includeInIndex = 0; path = CurrencyConverter.app; sourceTree = BUILT_PRODUCTS_DIR; };
		B914E5302143AEA4007845AB /* AppDelegate.swift */ = {isa = PBXFileReference; lastKnownFileType = sourcecode.swift; path = AppDelegate.swift; sourceTree = "<group>"; };
		B914E5322143AEA4007845AB /* ViewController.swift */ = {isa = PBXFileReference; lastKnownFileType = sourcecode.swift; path = ViewController.swift; sourceTree = "<group>"; };
		B914E5352143AEA4007845AB /* Base */ = {isa = PBXFileReference; lastKnownFileType = file.storyboard; name = Base; path = Base.lproj/Main.storyboard; sourceTree = "<group>"; };
		B914E5372143AEA5007845AB /* Assets.xcassets */ = {isa = PBXFileReference; lastKnownFileType = folder.assetcatalog; path = Assets.xcassets; sourceTree = "<group>"; };
		B914E53A2143AEA5007845AB /* Base */ = {isa = PBXFileReference; lastKnownFileType = file.storyboard; name = Base; path = Base.lproj/LaunchScreen.storyboard; sourceTree = "<group>"; };
		B914E53C2143AEA5007845AB /* Info.plist */ = {isa = PBXFileReference; lastKnownFileType = text.plist.xml; path = Info.plist; sourceTree = "<group>"; };
		B914E5412143AEA5007845AB /* CurrencyConverterTests.xctest */ = {isa = PBXFileReference; explicitFileType = wrapper.cfbundle; includeInIndex = 0; path = CurrencyConverterTests.xctest; sourceTree = BUILT_PRODUCTS_DIR; };
		B914E5452143AEA5007845AB /* CurrencyConverterTests.swift */ = {isa = PBXFileReference; lastKnownFileType = sourcecode.swift; path = CurrencyConverterTests.swift; sourceTree = "<group>"; };
		B914E5472143AEA5007845AB /* Info.plist */ = {isa = PBXFileReference; lastKnownFileType = text.plist.xml; path = Info.plist; sourceTree = "<group>"; };
		B914E54C2143AEA5007845AB /* CurrencyConverterUITests.xctest */ = {isa = PBXFileReference; explicitFileType = wrapper.cfbundle; includeInIndex = 0; path = CurrencyConverterUITests.xctest; sourceTree = BUILT_PRODUCTS_DIR; };
		B914E5502143AEA5007845AB /* CurrencyConverterUITests.swift */ = {isa = PBXFileReference; lastKnownFileType = sourcecode.swift; path = CurrencyConverterUITests.swift; sourceTree = "<group>"; };
		B914E5522143AEA5007845AB /* Info.plist */ = {isa = PBXFileReference; lastKnownFileType = text.plist.xml; path = Info.plist; sourceTree = "<group>"; };
		B965155421451293003B5CDA /* Rates.swift */ = {isa = PBXFileReference; lastKnownFileType = sourcecode.swift; path = Rates.swift; sourceTree = "<group>"; };
		B96515562145129C003B5CDA /* Rate.swift */ = {isa = PBXFileReference; lastKnownFileType = sourcecode.swift; path = Rate.swift; sourceTree = "<group>"; };
		B965155E21451D70003B5CDA /* ApiDataManager.swift */ = {isa = PBXFileReference; lastKnownFileType = sourcecode.swift; path = ApiDataManager.swift; sourceTree = "<group>"; };
		B96515632145206A003B5CDA /* CurrencyRatesApiService.swift */ = {isa = PBXFileReference; lastKnownFileType = sourcecode.swift; path = CurrencyRatesApiService.swift; sourceTree = "<group>"; };
		B96515652145286C003B5CDA /* ListRateTransform.swift */ = {isa = PBXFileReference; lastKnownFileType = sourcecode.swift; path = ListRateTransform.swift; sourceTree = "<group>"; };
		B9651567214543DD003B5CDA /* ConverterPresenterTests.swift */ = {isa = PBXFileReference; lastKnownFileType = sourcecode.swift; path = ConverterPresenterTests.swift; sourceTree = "<group>"; };
		B965156921454402003B5CDA /* ListRateTransformTests.swift */ = {isa = PBXFileReference; lastKnownFileType = sourcecode.swift; path = ListRateTransformTests.swift; sourceTree = "<group>"; };
		B965156B21454AC7003B5CDA /* ConverterViewModel.swift */ = {isa = PBXFileReference; lastKnownFileType = sourcecode.swift; path = ConverterViewModel.swift; sourceTree = "<group>"; };
		B965156D21454C16003B5CDA /* ConverterRateViewModel.swift */ = {isa = PBXFileReference; lastKnownFileType = sourcecode.swift; path = ConverterRateViewModel.swift; sourceTree = "<group>"; };
		B98020982143AFD900F5C5A3 /* ConverterContract.swift */ = {isa = PBXFileReference; fileEncoding = 4; lastKnownFileType = sourcecode.swift; path = ConverterContract.swift; sourceTree = "<group>"; };
		B980209A2143AFD900F5C5A3 /* ConverterPresenter.swift */ = {isa = PBXFileReference; fileEncoding = 4; lastKnownFileType = sourcecode.swift; path = ConverterPresenter.swift; sourceTree = "<group>"; };
		B980209C2143AFD900F5C5A3 /* ConverterViewController.swift */ = {isa = PBXFileReference; fileEncoding = 4; lastKnownFileType = sourcecode.swift; path = ConverterViewController.swift; sourceTree = "<group>"; };
		B980209E2143AFD900F5C5A3 /* ConverterInteractor.swift */ = {isa = PBXFileReference; fileEncoding = 4; lastKnownFileType = sourcecode.swift; path = ConverterInteractor.swift; sourceTree = "<group>"; };
		B98020A02143AFD900F5C5A3 /* ConverterRouter.swift */ = {isa = PBXFileReference; fileEncoding = 4; lastKnownFileType = sourcecode.swift; path = ConverterRouter.swift; sourceTree = "<group>"; };
		B98020A72143B0E600F5C5A3 /* BaseViewProtocol.swift */ = {isa = PBXFileReference; lastKnownFileType = sourcecode.swift; path = BaseViewProtocol.swift; sourceTree = "<group>"; };
		B98020AA2143B1B300F5C5A3 /* BaseViewController.swift */ = {isa = PBXFileReference; lastKnownFileType = sourcecode.swift; path = BaseViewController.swift; sourceTree = "<group>"; };
		B98020AC2143B28300F5C5A3 /* StoryboardLoadable.swift */ = {isa = PBXFileReference; lastKnownFileType = sourcecode.swift; path = StoryboardLoadable.swift; sourceTree = "<group>"; };
		B98020AE2143B2F300F5C5A3 /* Podfile */ = {isa = PBXFileReference; fileEncoding = 4; lastKnownFileType = text; path = Podfile; sourceTree = SOURCE_ROOT; };
		B98020B02143B6C800F5C5A3 /* Converter.storyboard */ = {isa = PBXFileReference; lastKnownFileType = file.storyboard; path = Converter.storyboard; sourceTree = "<group>"; };
/* End PBXFileReference section */

/* Begin PBXFrameworksBuildPhase section */
		B914E52A2143AEA4007845AB /* Frameworks */ = {
			isa = PBXFrameworksBuildPhase;
			buildActionMask = 2147483647;
			files = (
				3F0EC028E3875F4A0BF7A861 /* Pods_CurrencyConverter.framework in Frameworks */,
			);
			runOnlyForDeploymentPostprocessing = 0;
		};
		B914E53E2143AEA5007845AB /* Frameworks */ = {
			isa = PBXFrameworksBuildPhase;
			buildActionMask = 2147483647;
			files = (
			);
			runOnlyForDeploymentPostprocessing = 0;
		};
		B914E5492143AEA5007845AB /* Frameworks */ = {
			isa = PBXFrameworksBuildPhase;
			buildActionMask = 2147483647;
			files = (
			);
			runOnlyForDeploymentPostprocessing = 0;
		};
/* End PBXFrameworksBuildPhase section */

/* Begin PBXGroup section */
		70A13EA6DA6A5535A3910F61 /* Frameworks */ = {
			isa = PBXGroup;
			children = (
				1581AE7CA8ECEEA9CEBBEB22 /* Pods_CurrencyConverter.framework */,
			);
			name = Frameworks;
			sourceTree = "<group>";
		};
		80A2D76A7C145DEBA92214B0 /* Pods */ = {
			isa = PBXGroup;
			children = (
				42D051DB464AA8348FAB991E /* Pods-CurrencyConverter.debug.xcconfig */,
				4D0F85DAF718BE540A1581A0 /* Pods-CurrencyConverter.release.xcconfig */,
			);
			name = Pods;
			sourceTree = "<group>";
		};
		B914E5242143AEA4007845AB = {
			isa = PBXGroup;
			children = (
				B914E52F2143AEA4007845AB /* CurrencyConverter */,
				B914E5442143AEA5007845AB /* CurrencyConverterTests */,
				B914E54F2143AEA5007845AB /* CurrencyConverterUITests */,
				B914E52E2143AEA4007845AB /* Products */,
				80A2D76A7C145DEBA92214B0 /* Pods */,
				70A13EA6DA6A5535A3910F61 /* Frameworks */,
			);
			sourceTree = "<group>";
		};
		B914E52E2143AEA4007845AB /* Products */ = {
			isa = PBXGroup;
			children = (
				B914E52D2143AEA4007845AB /* CurrencyConverter.app */,
				B914E5412143AEA5007845AB /* CurrencyConverterTests.xctest */,
				B914E54C2143AEA5007845AB /* CurrencyConverterUITests.xctest */,
			);
			name = Products;
			sourceTree = "<group>";
		};
		B914E52F2143AEA4007845AB /* CurrencyConverter */ = {
			isa = PBXGroup;
			children = (
				B980208B2143AF6100F5C5A3 /* Shared */,
				B980208A2143AF5A00F5C5A3 /* Core */,
				B98020882143AF1900F5C5A3 /* Modules */,
				B914E5302143AEA4007845AB /* AppDelegate.swift */,
				B914E5322143AEA4007845AB /* ViewController.swift */,
				B914E5342143AEA4007845AB /* Main.storyboard */,
				B914E5372143AEA5007845AB /* Assets.xcassets */,
				B914E5392143AEA5007845AB /* LaunchScreen.storyboard */,
				B914E53C2143AEA5007845AB /* Info.plist */,
				B98020AE2143B2F300F5C5A3 /* Podfile */,
			);
			path = CurrencyConverter;
			sourceTree = "<group>";
		};
		B914E5442143AEA5007845AB /* CurrencyConverterTests */ = {
			isa = PBXGroup;
			children = (
				B914E5452143AEA5007845AB /* CurrencyConverterTests.swift */,
				B914E5472143AEA5007845AB /* Info.plist */,
				B9651567214543DD003B5CDA /* ConverterPresenterTests.swift */,
				B965156921454402003B5CDA /* ListRateTransformTests.swift */,
			);
			path = CurrencyConverterTests;
			sourceTree = "<group>";
		};
		B914E54F2143AEA5007845AB /* CurrencyConverterUITests */ = {
			isa = PBXGroup;
			children = (
				B914E5502143AEA5007845AB /* CurrencyConverterUITests.swift */,
				B914E5522143AEA5007845AB /* Info.plist */,
			);
			path = CurrencyConverterUITests;
			sourceTree = "<group>";
		};
		B96515532145126F003B5CDA /* Entities */ = {
			isa = PBXGroup;
			children = (
				B965155421451293003B5CDA /* Rates.swift */,
				B96515562145129C003B5CDA /* Rate.swift */,
			);
			path = Entities;
			sourceTree = "<group>";
		};
		B965155821451A28003B5CDA /* Data */ = {
			isa = PBXGroup;
			children = (
				B96515652145286C003B5CDA /* ListRateTransform.swift */,
			);
			path = Data;
			sourceTree = "<group>";
		};
		B965155B21451D53003B5CDA /* Services */ = {
			isa = PBXGroup;
			children = (
				B965155D21451D61003B5CDA /* Local */,
				B965155C21451D5B003B5CDA /* Web */,
			);
			path = Services;
			sourceTree = "<group>";
		};
		B965155C21451D5B003B5CDA /* Web */ = {
			isa = PBXGroup;
			children = (
				B96515622145204C003B5CDA /* CurrencyRates */,
				B965155E21451D70003B5CDA /* ApiDataManager.swift */,
			);
			path = Web;
			sourceTree = "<group>";
		};
		B965155D21451D61003B5CDA /* Local */ = {
			isa = PBXGroup;
			children = (
			);
			path = Local;
			sourceTree = "<group>";
		};
		B96515622145204C003B5CDA /* CurrencyRates */ = {
			isa = PBXGroup;
			children = (
				B96515632145206A003B5CDA /* CurrencyRatesApiService.swift */,
			);
			path = CurrencyRates;
			sourceTree = "<group>";
		};
		B98020882143AF1900F5C5A3 /* Modules */ = {
			isa = PBXGroup;
			children = (
				B98020962143AFD900F5C5A3 /* Converter */,
			);
			path = Modules;
			sourceTree = "<group>";
		};
		B980208A2143AF5A00F5C5A3 /* Core */ = {
			isa = PBXGroup;
			children = (
				B965155821451A28003B5CDA /* Data */,
				B98020A92143B19C00F5C5A3 /* Views */,
				B98020A62143B0D600F5C5A3 /* Protocols */,
			);
			path = Core;
			sourceTree = "<group>";
		};
		B980208B2143AF6100F5C5A3 /* Shared */ = {
			isa = PBXGroup;
			children = (
				B965155B21451D53003B5CDA /* Services */,
				B96515532145126F003B5CDA /* Entities */,
			);
			path = Shared;
			sourceTree = "<group>";
		};
		B98020962143AFD900F5C5A3 /* Converter */ = {
			isa = PBXGroup;
			children = (
				B98020972143AFD900F5C5A3 /* Contract */,
				B98020992143AFD900F5C5A3 /* Presenter */,
				B980209B2143AFD900F5C5A3 /* View */,
				B980209D2143AFD900F5C5A3 /* Interactor */,
				B980209F2143AFD900F5C5A3 /* Router */,
			);
			path = Converter;
			sourceTree = "<group>";
		};
		B98020972143AFD900F5C5A3 /* Contract */ = {
			isa = PBXGroup;
			children = (
				B98020982143AFD900F5C5A3 /* ConverterContract.swift */,
			);
			path = Contract;
			sourceTree = "<group>";
		};
		B98020992143AFD900F5C5A3 /* Presenter */ = {
			isa = PBXGroup;
			children = (
				B980209A2143AFD900F5C5A3 /* ConverterPresenter.swift */,
			);
			path = Presenter;
			sourceTree = "<group>";
		};
		B980209B2143AFD900F5C5A3 /* View */ = {
			isa = PBXGroup;
			children = (
				B980209C2143AFD900F5C5A3 /* ConverterViewController.swift */,
				B98020B02143B6C800F5C5A3 /* Converter.storyboard */,
				B965156B21454AC7003B5CDA /* ConverterViewModel.swift */,
				B965156D21454C16003B5CDA /* ConverterRateViewModel.swift */,
			);
			path = View;
			sourceTree = "<group>";
		};
		B980209D2143AFD900F5C5A3 /* Interactor */ = {
			isa = PBXGroup;
			children = (
				B980209E2143AFD900F5C5A3 /* ConverterInteractor.swift */,
			);
			path = Interactor;
			sourceTree = "<group>";
		};
		B980209F2143AFD900F5C5A3 /* Router */ = {
			isa = PBXGroup;
			children = (
				B98020A02143AFD900F5C5A3 /* ConverterRouter.swift */,
			);
			path = Router;
			sourceTree = "<group>";
		};
		B98020A62143B0D600F5C5A3 /* Protocols */ = {
			isa = PBXGroup;
			children = (
				B98020A72143B0E600F5C5A3 /* BaseViewProtocol.swift */,
				B98020AC2143B28300F5C5A3 /* StoryboardLoadable.swift */,
			);
			path = Protocols;
			sourceTree = "<group>";
		};
		B98020A92143B19C00F5C5A3 /* Views */ = {
			isa = PBXGroup;
			children = (
				B98020AA2143B1B300F5C5A3 /* BaseViewController.swift */,
			);
			path = Views;
			sourceTree = "<group>";
		};
/* End PBXGroup section */

/* Begin PBXNativeTarget section */
		B914E52C2143AEA4007845AB /* CurrencyConverter */ = {
			isa = PBXNativeTarget;
			buildConfigurationList = B914E5552143AEA5007845AB /* Build configuration list for PBXNativeTarget "CurrencyConverter" */;
			buildPhases = (
				959E25A92F72DE4E88A3ADA6 /* [CP] Check Pods Manifest.lock */,
				B914E5292143AEA4007845AB /* Sources */,
				B914E52A2143AEA4007845AB /* Frameworks */,
				B914E52B2143AEA4007845AB /* Resources */,
				60F8635C2C8C9BC5848EF580 /* [CP] Embed Pods Frameworks */,
				ADAD54D3E9B8ACB82E8E13ED /* [CP] Copy Pods Resources */,
			);
			buildRules = (
			);
			dependencies = (
			);
			name = CurrencyConverter;
			productName = CurrencyConverter;
			productReference = B914E52D2143AEA4007845AB /* CurrencyConverter.app */;
			productType = "com.apple.product-type.application";
		};
		B914E5402143AEA5007845AB /* CurrencyConverterTests */ = {
			isa = PBXNativeTarget;
			buildConfigurationList = B914E5582143AEA5007845AB /* Build configuration list for PBXNativeTarget "CurrencyConverterTests" */;
			buildPhases = (
				B914E53D2143AEA5007845AB /* Sources */,
				B914E53E2143AEA5007845AB /* Frameworks */,
				B914E53F2143AEA5007845AB /* Resources */,
			);
			buildRules = (
			);
			dependencies = (
				B914E5432143AEA5007845AB /* PBXTargetDependency */,
			);
			name = CurrencyConverterTests;
			productName = CurrencyConverterTests;
			productReference = B914E5412143AEA5007845AB /* CurrencyConverterTests.xctest */;
			productType = "com.apple.product-type.bundle.unit-test";
		};
		B914E54B2143AEA5007845AB /* CurrencyConverterUITests */ = {
			isa = PBXNativeTarget;
			buildConfigurationList = B914E55B2143AEA5007845AB /* Build configuration list for PBXNativeTarget "CurrencyConverterUITests" */;
			buildPhases = (
				B914E5482143AEA5007845AB /* Sources */,
				B914E5492143AEA5007845AB /* Frameworks */,
				B914E54A2143AEA5007845AB /* Resources */,
			);
			buildRules = (
			);
			dependencies = (
				B914E54E2143AEA5007845AB /* PBXTargetDependency */,
			);
			name = CurrencyConverterUITests;
			productName = CurrencyConverterUITests;
			productReference = B914E54C2143AEA5007845AB /* CurrencyConverterUITests.xctest */;
			productType = "com.apple.product-type.bundle.ui-testing";
		};
/* End PBXNativeTarget section */

/* Begin PBXProject section */
		B914E5252143AEA4007845AB /* Project object */ = {
			isa = PBXProject;
			attributes = {
				LastSwiftUpdateCheck = 0940;
				LastUpgradeCheck = 0940;
				ORGANIZATIONNAME = Ti3t;
				TargetAttributes = {
					B914E52C2143AEA4007845AB = {
						CreatedOnToolsVersion = 9.4.1;
					};
					B914E5402143AEA5007845AB = {
						CreatedOnToolsVersion = 9.4.1;
						TestTargetID = B914E52C2143AEA4007845AB;
					};
					B914E54B2143AEA5007845AB = {
						CreatedOnToolsVersion = 9.4.1;
						TestTargetID = B914E52C2143AEA4007845AB;
					};
				};
			};
			buildConfigurationList = B914E5282143AEA4007845AB /* Build configuration list for PBXProject "CurrencyConverter" */;
			compatibilityVersion = "Xcode 9.3";
			developmentRegion = en;
			hasScannedForEncodings = 0;
			knownRegions = (
				en,
				Base,
			);
			mainGroup = B914E5242143AEA4007845AB;
			productRefGroup = B914E52E2143AEA4007845AB /* Products */;
			projectDirPath = "";
			projectRoot = "";
			targets = (
				B914E52C2143AEA4007845AB /* CurrencyConverter */,
				B914E5402143AEA5007845AB /* CurrencyConverterTests */,
				B914E54B2143AEA5007845AB /* CurrencyConverterUITests */,
			);
		};
/* End PBXProject section */

/* Begin PBXResourcesBuildPhase section */
		B914E52B2143AEA4007845AB /* Resources */ = {
			isa = PBXResourcesBuildPhase;
			buildActionMask = 2147483647;
			files = (
				B914E53B2143AEA5007845AB /* LaunchScreen.storyboard in Resources */,
				B914E5382143AEA5007845AB /* Assets.xcassets in Resources */,
				B98020B12143B6C800F5C5A3 /* Converter.storyboard in Resources */,
				B98020AF2143B2F400F5C5A3 /* Podfile in Resources */,
				B914E5362143AEA4007845AB /* Main.storyboard in Resources */,
			);
			runOnlyForDeploymentPostprocessing = 0;
		};
		B914E53F2143AEA5007845AB /* Resources */ = {
			isa = PBXResourcesBuildPhase;
			buildActionMask = 2147483647;
			files = (
			);
			runOnlyForDeploymentPostprocessing = 0;
		};
		B914E54A2143AEA5007845AB /* Resources */ = {
			isa = PBXResourcesBuildPhase;
			buildActionMask = 2147483647;
			files = (
			);
			runOnlyForDeploymentPostprocessing = 0;
		};
/* End PBXResourcesBuildPhase section */

/* Begin PBXShellScriptBuildPhase section */
		60F8635C2C8C9BC5848EF580 /* [CP] Embed Pods Frameworks */ = {
			isa = PBXShellScriptBuildPhase;
			buildActionMask = 2147483647;
			files = (
			);
			inputPaths = (
				"${SRCROOT}/Pods/Target Support Files/Pods-CurrencyConverter/Pods-CurrencyConverter-frameworks.sh",
				"${BUILT_PRODUCTS_DIR}/Alamofire/Alamofire.framework",
				"${BUILT_PRODUCTS_DIR}/AlamofireObjectMapper/AlamofireObjectMapper.framework",
				"${BUILT_PRODUCTS_DIR}/Material/Material.framework",
				"${BUILT_PRODUCTS_DIR}/Motion/Motion.framework",
				"${BUILT_PRODUCTS_DIR}/ObjectMapper/ObjectMapper.framework",
				"${BUILT_PRODUCTS_DIR}/ObjectMapper+Realm/ObjectMapper_Realm.framework",
				"${BUILT_PRODUCTS_DIR}/Realm/Realm.framework",
				"${BUILT_PRODUCTS_DIR}/RealmSwift/RealmSwift.framework",
			);
			name = "[CP] Embed Pods Frameworks";
			outputPaths = (
				"${TARGET_BUILD_DIR}/${FRAMEWORKS_FOLDER_PATH}/Alamofire.framework",
				"${TARGET_BUILD_DIR}/${FRAMEWORKS_FOLDER_PATH}/AlamofireObjectMapper.framework",
				"${TARGET_BUILD_DIR}/${FRAMEWORKS_FOLDER_PATH}/Material.framework",
				"${TARGET_BUILD_DIR}/${FRAMEWORKS_FOLDER_PATH}/Motion.framework",
				"${TARGET_BUILD_DIR}/${FRAMEWORKS_FOLDER_PATH}/ObjectMapper.framework",
				"${TARGET_BUILD_DIR}/${FRAMEWORKS_FOLDER_PATH}/ObjectMapper_Realm.framework",
				"${TARGET_BUILD_DIR}/${FRAMEWORKS_FOLDER_PATH}/Realm.framework",
				"${TARGET_BUILD_DIR}/${FRAMEWORKS_FOLDER_PATH}/RealmSwift.framework",
			);
			runOnlyForDeploymentPostprocessing = 0;
			shellPath = /bin/sh;
			shellScript = "\"${SRCROOT}/Pods/Target Support Files/Pods-CurrencyConverter/Pods-CurrencyConverter-frameworks.sh\"\n";
			showEnvVarsInLog = 0;
		};
		959E25A92F72DE4E88A3ADA6 /* [CP] Check Pods Manifest.lock */ = {
			isa = PBXShellScriptBuildPhase;
			buildActionMask = 2147483647;
			files = (
			);
			inputPaths = (
				"${PODS_PODFILE_DIR_PATH}/Podfile.lock",
				"${PODS_ROOT}/Manifest.lock",
			);
			name = "[CP] Check Pods Manifest.lock";
			outputPaths = (
				"$(DERIVED_FILE_DIR)/Pods-CurrencyConverter-checkManifestLockResult.txt",
			);
			runOnlyForDeploymentPostprocessing = 0;
			shellPath = /bin/sh;
			shellScript = "diff \"${PODS_PODFILE_DIR_PATH}/Podfile.lock\" \"${PODS_ROOT}/Manifest.lock\" > /dev/null\nif [ $? != 0 ] ; then\n    # print error to STDERR\n    echo \"error: The sandbox is not in sync with the Podfile.lock. Run 'pod install' or update your CocoaPods installation.\" >&2\n    exit 1\nfi\n# This output is used by Xcode 'outputs' to avoid re-running this script phase.\necho \"SUCCESS\" > \"${SCRIPT_OUTPUT_FILE_0}\"\n";
			showEnvVarsInLog = 0;
		};
		ADAD54D3E9B8ACB82E8E13ED /* [CP] Copy Pods Resources */ = {
			isa = PBXShellScriptBuildPhase;
			buildActionMask = 2147483647;
			files = (
			);
			inputPaths = (
			);
			name = "[CP] Copy Pods Resources";
			outputPaths = (
			);
			runOnlyForDeploymentPostprocessing = 0;
			shellPath = /bin/sh;
			shellScript = "\"${SRCROOT}/Pods/Target Support Files/Pods-CurrencyConverter/Pods-CurrencyConverter-resources.sh\"\n";
			showEnvVarsInLog = 0;
		};
/* End PBXShellScriptBuildPhase section */

/* Begin PBXSourcesBuildPhase section */
		B914E5292143AEA4007845AB /* Sources */ = {
			isa = PBXSourcesBuildPhase;
			buildActionMask = 2147483647;
			files = (
				B98020A12143AFDA00F5C5A3 /* ConverterContract.swift in Sources */,
				B98020A42143AFDA00F5C5A3 /* ConverterInteractor.swift in Sources */,
				B914E5332143AEA4007845AB /* ViewController.swift in Sources */,
				B914E5312143AEA4007845AB /* AppDelegate.swift in Sources */,
				B965156E21454C16003B5CDA /* ConverterRateViewModel.swift in Sources */,
				B98020A82143B0E600F5C5A3 /* BaseViewProtocol.swift in Sources */,
				B965155F21451D70003B5CDA /* ApiDataManager.swift in Sources */,
				B98020AB2143B1B300F5C5A3 /* BaseViewController.swift in Sources */,
				B965156C21454AC7003B5CDA /* ConverterViewModel.swift in Sources */,
				B98020AD2143B28300F5C5A3 /* StoryboardLoadable.swift in Sources */,
				B96515662145286C003B5CDA /* ListRateTransform.swift in Sources */,
				B98020A22143AFDA00F5C5A3 /* ConverterPresenter.swift in Sources */,
				B96515642145206A003B5CDA /* CurrencyRatesApiService.swift in Sources */,
				B98020A32143AFDA00F5C5A3 /* ConverterViewController.swift in Sources */,
				B96515572145129C003B5CDA /* Rate.swift in Sources */,
				B965155521451293003B5CDA /* Rates.swift in Sources */,
				B98020A52143AFDA00F5C5A3 /* ConverterRouter.swift in Sources */,
			);
			runOnlyForDeploymentPostprocessing = 0;
		};
		B914E53D2143AEA5007845AB /* Sources */ = {
			isa = PBXSourcesBuildPhase;
			buildActionMask = 2147483647;
			files = (
				B914E5462143AEA5007845AB /* CurrencyConverterTests.swift in Sources */,
				B965156A21454402003B5CDA /* ListRateTransformTests.swift in Sources */,
				B9651568214543DD003B5CDA /* ConverterPresenterTests.swift in Sources */,
			);
			runOnlyForDeploymentPostprocessing = 0;
		};
		B914E5482143AEA5007845AB /* Sources */ = {
			isa = PBXSourcesBuildPhase;
			buildActionMask = 2147483647;
			files = (
				B914E5512143AEA5007845AB /* CurrencyConverterUITests.swift in Sources */,
			);
			runOnlyForDeploymentPostprocessing = 0;
		};
/* End PBXSourcesBuildPhase section */

/* Begin PBXTargetDependency section */
		B914E5432143AEA5007845AB /* PBXTargetDependency */ = {
			isa = PBXTargetDependency;
			target = B914E52C2143AEA4007845AB /* CurrencyConverter */;
			targetProxy = B914E5422143AEA5007845AB /* PBXContainerItemProxy */;
		};
		B914E54E2143AEA5007845AB /* PBXTargetDependency */ = {
			isa = PBXTargetDependency;
			target = B914E52C2143AEA4007845AB /* CurrencyConverter */;
			targetProxy = B914E54D2143AEA5007845AB /* PBXContainerItemProxy */;
		};
/* End PBXTargetDependency section */

/* Begin PBXVariantGroup section */
		B914E5342143AEA4007845AB /* Main.storyboard */ = {
			isa = PBXVariantGroup;
			children = (
				B914E5352143AEA4007845AB /* Base */,
			);
			name = Main.storyboard;
			sourceTree = "<group>";
		};
		B914E5392143AEA5007845AB /* LaunchScreen.storyboard */ = {
			isa = PBXVariantGroup;
			children = (
				B914E53A2143AEA5007845AB /* Base */,
			);
			name = LaunchScreen.storyboard;
			sourceTree = "<group>";
		};
/* End PBXVariantGroup section */

/* Begin XCBuildConfiguration section */
		B914E5532143AEA5007845AB /* Debug */ = {
			isa = XCBuildConfiguration;
			buildSettings = {
				ALWAYS_SEARCH_USER_PATHS = NO;
				CLANG_ANALYZER_NONNULL = YES;
				CLANG_ANALYZER_NUMBER_OBJECT_CONVERSION = YES_AGGRESSIVE;
				CLANG_CXX_LANGUAGE_STANDARD = "gnu++14";
				CLANG_CXX_LIBRARY = "libc++";
				CLANG_ENABLE_MODULES = YES;
				CLANG_ENABLE_OBJC_ARC = YES;
				CLANG_ENABLE_OBJC_WEAK = YES;
				CLANG_WARN_BLOCK_CAPTURE_AUTORELEASING = YES;
				CLANG_WARN_BOOL_CONVERSION = YES;
				CLANG_WARN_COMMA = YES;
				CLANG_WARN_CONSTANT_CONVERSION = YES;
				CLANG_WARN_DEPRECATED_OBJC_IMPLEMENTATIONS = YES;
				CLANG_WARN_DIRECT_OBJC_ISA_USAGE = YES_ERROR;
				CLANG_WARN_DOCUMENTATION_COMMENTS = YES;
				CLANG_WARN_EMPTY_BODY = YES;
				CLANG_WARN_ENUM_CONVERSION = YES;
				CLANG_WARN_INFINITE_RECURSION = YES;
				CLANG_WARN_INT_CONVERSION = YES;
				CLANG_WARN_NON_LITERAL_NULL_CONVERSION = YES;
				CLANG_WARN_OBJC_IMPLICIT_RETAIN_SELF = YES;
				CLANG_WARN_OBJC_LITERAL_CONVERSION = YES;
				CLANG_WARN_OBJC_ROOT_CLASS = YES_ERROR;
				CLANG_WARN_RANGE_LOOP_ANALYSIS = YES;
				CLANG_WARN_STRICT_PROTOTYPES = YES;
				CLANG_WARN_SUSPICIOUS_MOVE = YES;
				CLANG_WARN_UNGUARDED_AVAILABILITY = YES_AGGRESSIVE;
				CLANG_WARN_UNREACHABLE_CODE = YES;
				CLANG_WARN__DUPLICATE_METHOD_MATCH = YES;
				CODE_SIGN_IDENTITY = "iPhone Developer";
				COPY_PHASE_STRIP = NO;
				DEBUG_INFORMATION_FORMAT = dwarf;
				ENABLE_STRICT_OBJC_MSGSEND = YES;
				ENABLE_TESTABILITY = YES;
				GCC_C_LANGUAGE_STANDARD = gnu11;
				GCC_DYNAMIC_NO_PIC = NO;
				GCC_NO_COMMON_BLOCKS = YES;
				GCC_OPTIMIZATION_LEVEL = 0;
				GCC_PREPROCESSOR_DEFINITIONS = (
					"DEBUG=1",
					"$(inherited)",
				);
				GCC_WARN_64_TO_32_BIT_CONVERSION = YES;
				GCC_WARN_ABOUT_RETURN_TYPE = YES_ERROR;
				GCC_WARN_UNDECLARED_SELECTOR = YES;
				GCC_WARN_UNINITIALIZED_AUTOS = YES_AGGRESSIVE;
				GCC_WARN_UNUSED_FUNCTION = YES;
				GCC_WARN_UNUSED_VARIABLE = YES;
				IPHONEOS_DEPLOYMENT_TARGET = 11.4;
				MTL_ENABLE_DEBUG_INFO = YES;
				ONLY_ACTIVE_ARCH = YES;
				SDKROOT = iphoneos;
				SWIFT_ACTIVE_COMPILATION_CONDITIONS = DEBUG;
				SWIFT_OPTIMIZATION_LEVEL = "-Onone";
			};
			name = Debug;
		};
		B914E5542143AEA5007845AB /* Release */ = {
			isa = XCBuildConfiguration;
			buildSettings = {
				ALWAYS_SEARCH_USER_PATHS = NO;
				CLANG_ANALYZER_NONNULL = YES;
				CLANG_ANALYZER_NUMBER_OBJECT_CONVERSION = YES_AGGRESSIVE;
				CLANG_CXX_LANGUAGE_STANDARD = "gnu++14";
				CLANG_CXX_LIBRARY = "libc++";
				CLANG_ENABLE_MODULES = YES;
				CLANG_ENABLE_OBJC_ARC = YES;
				CLANG_ENABLE_OBJC_WEAK = YES;
				CLANG_WARN_BLOCK_CAPTURE_AUTORELEASING = YES;
				CLANG_WARN_BOOL_CONVERSION = YES;
				CLANG_WARN_COMMA = YES;
				CLANG_WARN_CONSTANT_CONVERSION = YES;
				CLANG_WARN_DEPRECATED_OBJC_IMPLEMENTATIONS = YES;
				CLANG_WARN_DIRECT_OBJC_ISA_USAGE = YES_ERROR;
				CLANG_WARN_DOCUMENTATION_COMMENTS = YES;
				CLANG_WARN_EMPTY_BODY = YES;
				CLANG_WARN_ENUM_CONVERSION = YES;
				CLANG_WARN_INFINITE_RECURSION = YES;
				CLANG_WARN_INT_CONVERSION = YES;
				CLANG_WARN_NON_LITERAL_NULL_CONVERSION = YES;
				CLANG_WARN_OBJC_IMPLICIT_RETAIN_SELF = YES;
				CLANG_WARN_OBJC_LITERAL_CONVERSION = YES;
				CLANG_WARN_OBJC_ROOT_CLASS = YES_ERROR;
				CLANG_WARN_RANGE_LOOP_ANALYSIS = YES;
				CLANG_WARN_STRICT_PROTOTYPES = YES;
				CLANG_WARN_SUSPICIOUS_MOVE = YES;
				CLANG_WARN_UNGUARDED_AVAILABILITY = YES_AGGRESSIVE;
				CLANG_WARN_UNREACHABLE_CODE = YES;
				CLANG_WARN__DUPLICATE_METHOD_MATCH = YES;
				CODE_SIGN_IDENTITY = "iPhone Developer";
				COPY_PHASE_STRIP = NO;
				DEBUG_INFORMATION_FORMAT = "dwarf-with-dsym";
				ENABLE_NS_ASSERTIONS = NO;
				ENABLE_STRICT_OBJC_MSGSEND = YES;
				GCC_C_LANGUAGE_STANDARD = gnu11;
				GCC_NO_COMMON_BLOCKS = YES;
				GCC_WARN_64_TO_32_BIT_CONVERSION = YES;
				GCC_WARN_ABOUT_RETURN_TYPE = YES_ERROR;
				GCC_WARN_UNDECLARED_SELECTOR = YES;
				GCC_WARN_UNINITIALIZED_AUTOS = YES_AGGRESSIVE;
				GCC_WARN_UNUSED_FUNCTION = YES;
				GCC_WARN_UNUSED_VARIABLE = YES;
				IPHONEOS_DEPLOYMENT_TARGET = 11.4;
				MTL_ENABLE_DEBUG_INFO = NO;
				SDKROOT = iphoneos;
				SWIFT_COMPILATION_MODE = wholemodule;
				SWIFT_OPTIMIZATION_LEVEL = "-O";
				VALIDATE_PRODUCT = YES;
			};
			name = Release;
		};
		B914E5562143AEA5007845AB /* Debug */ = {
			isa = XCBuildConfiguration;
			baseConfigurationReference = 42D051DB464AA8348FAB991E /* Pods-CurrencyConverter.debug.xcconfig */;
			buildSettings = {
				ASSETCATALOG_COMPILER_APPICON_NAME = AppIcon;
				CODE_SIGN_STYLE = Automatic;
				DEVELOPMENT_TEAM = 9SUH5XTQ37;
				INFOPLIST_FILE = CurrencyConverter/Info.plist;
				LD_RUNPATH_SEARCH_PATHS = (
					"$(inherited)",
					"@executable_path/Frameworks",
				);
				PRODUCT_BUNDLE_IDENTIFIER = com.ti3t.CurrencyConverter;
				PRODUCT_NAME = "$(TARGET_NAME)";
				SWIFT_VERSION = 4.0;
				TARGETED_DEVICE_FAMILY = "1,2";
			};
			name = Debug;
		};
		B914E5572143AEA5007845AB /* Release */ = {
			isa = XCBuildConfiguration;
			baseConfigurationReference = 4D0F85DAF718BE540A1581A0 /* Pods-CurrencyConverter.release.xcconfig */;
			buildSettings = {
				ASSETCATALOG_COMPILER_APPICON_NAME = AppIcon;
				CODE_SIGN_STYLE = Automatic;
				DEVELOPMENT_TEAM = 9SUH5XTQ37;
				INFOPLIST_FILE = CurrencyConverter/Info.plist;
				LD_RUNPATH_SEARCH_PATHS = (
					"$(inherited)",
					"@executable_path/Frameworks",
				);
				PRODUCT_BUNDLE_IDENTIFIER = com.ti3t.CurrencyConverter;
				PRODUCT_NAME = "$(TARGET_NAME)";
				SWIFT_VERSION = 4.0;
				TARGETED_DEVICE_FAMILY = "1,2";
			};
			name = Release;
		};
		B914E5592143AEA5007845AB /* Debug */ = {
			isa = XCBuildConfiguration;
			buildSettings = {
				ALWAYS_EMBED_SWIFT_STANDARD_LIBRARIES = YES;
				BUNDLE_LOADER = "$(TEST_HOST)";
				CODE_SIGN_STYLE = Automatic;
				DEVELOPMENT_TEAM = 9SUH5XTQ37;
				INFOPLIST_FILE = CurrencyConverterTests/Info.plist;
				LD_RUNPATH_SEARCH_PATHS = (
					"$(inherited)",
					"@executable_path/Frameworks",
					"@loader_path/Frameworks",
				);
				PRODUCT_BUNDLE_IDENTIFIER = com.ti3t.CurrencyConverterTests;
				PRODUCT_NAME = "$(TARGET_NAME)";
				SWIFT_VERSION = 4.0;
				TARGETED_DEVICE_FAMILY = "1,2";
				TEST_HOST = "$(BUILT_PRODUCTS_DIR)/CurrencyConverter.app/CurrencyConverter";
			};
			name = Debug;
		};
		B914E55A2143AEA5007845AB /* Release */ = {
			isa = XCBuildConfiguration;
			buildSettings = {
				ALWAYS_EMBED_SWIFT_STANDARD_LIBRARIES = YES;
				BUNDLE_LOADER = "$(TEST_HOST)";
				CODE_SIGN_STYLE = Automatic;
				DEVELOPMENT_TEAM = 9SUH5XTQ37;
				INFOPLIST_FILE = CurrencyConverterTests/Info.plist;
				LD_RUNPATH_SEARCH_PATHS = (
					"$(inherited)",
					"@executable_path/Frameworks",
					"@loader_path/Frameworks",
				);
				PRODUCT_BUNDLE_IDENTIFIER = com.ti3t.CurrencyConverterTests;
				PRODUCT_NAME = "$(TARGET_NAME)";
				SWIFT_VERSION = 4.0;
				TARGETED_DEVICE_FAMILY = "1,2";
				TEST_HOST = "$(BUILT_PRODUCTS_DIR)/CurrencyConverter.app/CurrencyConverter";
			};
			name = Release;
		};
		B914E55C2143AEA5007845AB /* Debug */ = {
			isa = XCBuildConfiguration;
			buildSettings = {
				ALWAYS_EMBED_SWIFT_STANDARD_LIBRARIES = YES;
				CODE_SIGN_STYLE = Automatic;
				DEVELOPMENT_TEAM = 9SUH5XTQ37;
				INFOPLIST_FILE = CurrencyConverterUITests/Info.plist;
				LD_RUNPATH_SEARCH_PATHS = (
					"$(inherited)",
					"@executable_path/Frameworks",
					"@loader_path/Frameworks",
				);
				PRODUCT_BUNDLE_IDENTIFIER = com.ti3t.CurrencyConverterUITests;
				PRODUCT_NAME = "$(TARGET_NAME)";
				SWIFT_VERSION = 4.0;
				TARGETED_DEVICE_FAMILY = "1,2";
				TEST_TARGET_NAME = CurrencyConverter;
			};
			name = Debug;
		};
		B914E55D2143AEA5007845AB /* Release */ = {
			isa = XCBuildConfiguration;
			buildSettings = {
				ALWAYS_EMBED_SWIFT_STANDARD_LIBRARIES = YES;
				CODE_SIGN_STYLE = Automatic;
				DEVELOPMENT_TEAM = 9SUH5XTQ37;
				INFOPLIST_FILE = CurrencyConverterUITests/Info.plist;
				LD_RUNPATH_SEARCH_PATHS = (
					"$(inherited)",
					"@executable_path/Frameworks",
					"@loader_path/Frameworks",
				);
				PRODUCT_BUNDLE_IDENTIFIER = com.ti3t.CurrencyConverterUITests;
				PRODUCT_NAME = "$(TARGET_NAME)";
				SWIFT_VERSION = 4.0;
				TARGETED_DEVICE_FAMILY = "1,2";
				TEST_TARGET_NAME = CurrencyConverter;
			};
			name = Release;
		};
/* End XCBuildConfiguration section */

/* Begin XCConfigurationList section */
		B914E5282143AEA4007845AB /* Build configuration list for PBXProject "CurrencyConverter" */ = {
			isa = XCConfigurationList;
			buildConfigurations = (
				B914E5532143AEA5007845AB /* Debug */,
				B914E5542143AEA5007845AB /* Release */,
			);
			defaultConfigurationIsVisible = 0;
			defaultConfigurationName = Release;
		};
		B914E5552143AEA5007845AB /* Build configuration list for PBXNativeTarget "CurrencyConverter" */ = {
			isa = XCConfigurationList;
			buildConfigurations = (
				B914E5562143AEA5007845AB /* Debug */,
				B914E5572143AEA5007845AB /* Release */,
			);
			defaultConfigurationIsVisible = 0;
			defaultConfigurationName = Release;
		};
		B914E5582143AEA5007845AB /* Build configuration list for PBXNativeTarget "CurrencyConverterTests" */ = {
			isa = XCConfigurationList;
			buildConfigurations = (
				B914E5592143AEA5007845AB /* Debug */,
				B914E55A2143AEA5007845AB /* Release */,
			);
			defaultConfigurationIsVisible = 0;
			defaultConfigurationName = Release;
		};
		B914E55B2143AEA5007845AB /* Build configuration list for PBXNativeTarget "CurrencyConverterUITests" */ = {
			isa = XCConfigurationList;
			buildConfigurations = (
				B914E55C2143AEA5007845AB /* Debug */,
				B914E55D2143AEA5007845AB /* Release */,
			);
			defaultConfigurationIsVisible = 0;
			defaultConfigurationName = Release;
		};
/* End XCConfigurationList section */
	};
	rootObject = B914E5252143AEA4007845AB /* Project object */;
}
